// !$*UTF8*$!
{
	archiveVersion = 1;
	classes = {
	};
	objectVersion = 77;
	objects = {

/* Begin PBXBuildFile section */
		081E06B92CD6C90D002C221B /* SpenceKit in Frameworks */ = {isa = PBXBuildFile; productRef = 081E06B82CD6C90D002C221B /* SpenceKit */; };
		081E06BE2CD6D428002C221B /* FirebaseAnalytics in Frameworks */ = {isa = PBXBuildFile; productRef = 081E06BD2CD6D428002C221B /* FirebaseAnalytics */; };
		081E06C02CD6D428002C221B /* FirebaseAnalyticsOnDeviceConversion in Frameworks */ = {isa = PBXBuildFile; productRef = 081E06BF2CD6D428002C221B /* FirebaseAnalyticsOnDeviceConversion */; };
		081E06C22CD6D428002C221B /* FirebaseAnalyticsWithoutAdIdSupport in Frameworks */ = {isa = PBXBuildFile; productRef = 081E06C12CD6D428002C221B /* FirebaseAnalyticsWithoutAdIdSupport */; };
		081E06C42CD6D428002C221B /* FirebaseAppCheck in Frameworks */ = {isa = PBXBuildFile; productRef = 081E06C32CD6D428002C221B /* FirebaseAppCheck */; };
		081E06C62CD6D428002C221B /* FirebaseAppDistribution-Beta in Frameworks */ = {isa = PBXBuildFile; productRef = 081E06C52CD6D428002C221B /* FirebaseAppDistribution-Beta */; };
		081E06C92CD6D6C3002C221B /* FirebaseAuth in Frameworks */ = {isa = PBXBuildFile; productRef = 081E06C82CD6D6C3002C221B /* FirebaseAuth */; };
		081E06CB2CD6D6C3002C221B /* FirebaseAuthCombine-Community in Frameworks */ = {isa = PBXBuildFile; productRef = 081E06CA2CD6D6C3002C221B /* FirebaseAuthCombine-Community */; };
		081E06CD2CD6D6C3002C221B /* FirebaseCore in Frameworks */ = {isa = PBXBuildFile; productRef = 081E06CC2CD6D6C3002C221B /* FirebaseCore */; };
		081E06CF2CD6D6C3002C221B /* FirebaseFirestore in Frameworks */ = {isa = PBXBuildFile; productRef = 081E06CE2CD6D6C3002C221B /* FirebaseFirestore */; };
		081E06D12CD6D6C3002C221B /* FirebaseMessaging in Frameworks */ = {isa = PBXBuildFile; productRef = 081E06D02CD6D6C3002C221B /* FirebaseMessaging */; };
/* End PBXBuildFile section */

/* Begin PBXContainerItemProxy section */
		081E06292CD6928C002C221B /* PBXContainerItemProxy */ = {
			isa = PBXContainerItemProxy;
			containerPortal = 081E060E2CD6928A002C221B /* Project object */;
			proxyType = 1;
			remoteGlobalIDString = 081E06152CD6928A002C221B;
			remoteInfo = Handshake;
		};
		081E06332CD6928C002C221B /* PBXContainerItemProxy */ = {
			isa = PBXContainerItemProxy;
			containerPortal = 081E060E2CD6928A002C221B /* Project object */;
			proxyType = 1;
			remoteGlobalIDString = 081E06152CD6928A002C221B;
			remoteInfo = Handshake;
		};
/* End PBXContainerItemProxy section */

/* Begin PBXFileReference section */
		081E06162CD6928A002C221B /* Handshake.app */ = {isa = PBXFileReference; explicitFileType = wrapper.application; includeInIndex = 0; path = Handshake.app; sourceTree = BUILT_PRODUCTS_DIR; };
		081E06282CD6928C002C221B /* HandshakeTests.xctest */ = {isa = PBXFileReference; explicitFileType = wrapper.cfbundle; includeInIndex = 0; path = HandshakeTests.xctest; sourceTree = BUILT_PRODUCTS_DIR; };
		081E06322CD6928C002C221B /* HandshakeUITests.xctest */ = {isa = PBXFileReference; explicitFileType = wrapper.cfbundle; includeInIndex = 0; path = HandshakeUITests.xctest; sourceTree = BUILT_PRODUCTS_DIR; };
/* End PBXFileReference section */

/* Begin PBXFileSystemSynchronizedBuildFileExceptionSet section */
		081E06482CD6951A002C221B /* Exceptions for "Handshake" folder in "Handshake" target */ = {
			isa = PBXFileSystemSynchronizedBuildFileExceptionSet;
			membershipExceptions = (
				Info.plist,
			);
			target = 081E06152CD6928A002C221B /* Handshake */;
		};
/* End PBXFileSystemSynchronizedBuildFileExceptionSet section */

/* Begin PBXFileSystemSynchronizedRootGroup section */
		081E06182CD6928A002C221B /* Handshake */ = {
			isa = PBXFileSystemSynchronizedRootGroup;
			exceptions = (
				081E06482CD6951A002C221B /* Exceptions for "Handshake" folder in "Handshake" target */,
			);
			path = Handshake;
			sourceTree = "<group>";
		};
		081E062B2CD6928C002C221B /* HandshakeTests */ = {
			isa = PBXFileSystemSynchronizedRootGroup;
			path = HandshakeTests;
			sourceTree = "<group>";
		};
		081E06352CD6928C002C221B /* HandshakeUITests */ = {
			isa = PBXFileSystemSynchronizedRootGroup;
			path = HandshakeUITests;
			sourceTree = "<group>";
		};
/* End PBXFileSystemSynchronizedRootGroup section */

/* Begin PBXFrameworksBuildPhase section */
		081E06132CD6928A002C221B /* Frameworks */ = {
			isa = PBXFrameworksBuildPhase;
			buildActionMask = 2147483647;
			files = (
				081E06BE2CD6D428002C221B /* FirebaseAnalytics in Frameworks */,
				081E06C02CD6D428002C221B /* FirebaseAnalyticsOnDeviceConversion in Frameworks */,
				081E06B92CD6C90D002C221B /* SpenceKit in Frameworks */,
				081E06CF2CD6D6C3002C221B /* FirebaseFirestore in Frameworks */,
				081E06C42CD6D428002C221B /* FirebaseAppCheck in Frameworks */,
				081E06C22CD6D428002C221B /* FirebaseAnalyticsWithoutAdIdSupport in Frameworks */,
				081E06C92CD6D6C3002C221B /* FirebaseAuth in Frameworks */,
				081E06C62CD6D428002C221B /* FirebaseAppDistribution-Beta in Frameworks */,
				081E06CD2CD6D6C3002C221B /* FirebaseCore in Frameworks */,
				081E06D12CD6D6C3002C221B /* FirebaseMessaging in Frameworks */,
				081E06CB2CD6D6C3002C221B /* FirebaseAuthCombine-Community in Frameworks */,
			);
			runOnlyForDeploymentPostprocessing = 0;
		};
		081E06252CD6928C002C221B /* Frameworks */ = {
			isa = PBXFrameworksBuildPhase;
			buildActionMask = 2147483647;
			files = (
			);
			runOnlyForDeploymentPostprocessing = 0;
		};
		081E062F2CD6928C002C221B /* Frameworks */ = {
			isa = PBXFrameworksBuildPhase;
			buildActionMask = 2147483647;
			files = (
			);
			runOnlyForDeploymentPostprocessing = 0;
		};
/* End PBXFrameworksBuildPhase section */

/* Begin PBXGroup section */
		081E060D2CD6928A002C221B = {
			isa = PBXGroup;
			children = (
				081E06182CD6928A002C221B /* Handshake */,
				081E062B2CD6928C002C221B /* HandshakeTests */,
				081E06352CD6928C002C221B /* HandshakeUITests */,
				081E06C72CD6D6C3002C221B /* Frameworks */,
				081E06172CD6928A002C221B /* Products */,
			);
			sourceTree = "<group>";
		};
		081E06172CD6928A002C221B /* Products */ = {
			isa = PBXGroup;
			children = (
				081E06162CD6928A002C221B /* Handshake.app */,
				081E06282CD6928C002C221B /* HandshakeTests.xctest */,
				081E06322CD6928C002C221B /* HandshakeUITests.xctest */,
			);
			name = Products;
			sourceTree = "<group>";
		};
		081E06C72CD6D6C3002C221B /* Frameworks */ = {
			isa = PBXGroup;
			children = (
			);
			name = Frameworks;
			sourceTree = "<group>";
		};
/* End PBXGroup section */

/* Begin PBXNativeTarget section */
		081E06152CD6928A002C221B /* Handshake */ = {
			isa = PBXNativeTarget;
			buildConfigurationList = 081E063C2CD6928C002C221B /* Build configuration list for PBXNativeTarget "Handshake" */;
			buildPhases = (
				081E06122CD6928A002C221B /* Sources */,
				081E06132CD6928A002C221B /* Frameworks */,
				081E06142CD6928A002C221B /* Resources */,
			);
			buildRules = (
			);
			dependencies = (
			);
			fileSystemSynchronizedGroups = (
				081E06182CD6928A002C221B /* Handshake */,
			);
			name = Handshake;
			packageProductDependencies = (
				081E06B82CD6C90D002C221B /* SpenceKit */,
				081E06BD2CD6D428002C221B /* FirebaseAnalytics */,
				081E06BF2CD6D428002C221B /* FirebaseAnalyticsOnDeviceConversion */,
				081E06C12CD6D428002C221B /* FirebaseAnalyticsWithoutAdIdSupport */,
				081E06C32CD6D428002C221B /* FirebaseAppCheck */,
				081E06C52CD6D428002C221B /* FirebaseAppDistribution-Beta */,
				081E06C82CD6D6C3002C221B /* FirebaseAuth */,
				081E06CA2CD6D6C3002C221B /* FirebaseAuthCombine-Community */,
				081E06CC2CD6D6C3002C221B /* FirebaseCore */,
				081E06CE2CD6D6C3002C221B /* FirebaseFirestore */,
				081E06D02CD6D6C3002C221B /* FirebaseMessaging */,
			);
			productName = Handshake;
			productReference = 081E06162CD6928A002C221B /* Handshake.app */;
			productType = "com.apple.product-type.application";
		};
		081E06272CD6928C002C221B /* HandshakeTests */ = {
			isa = PBXNativeTarget;
			buildConfigurationList = 081E063F2CD6928C002C221B /* Build configuration list for PBXNativeTarget "HandshakeTests" */;
			buildPhases = (
				081E06242CD6928C002C221B /* Sources */,
				081E06252CD6928C002C221B /* Frameworks */,
				081E06262CD6928C002C221B /* Resources */,
			);
			buildRules = (
			);
			dependencies = (
				081E062A2CD6928C002C221B /* PBXTargetDependency */,
			);
			fileSystemSynchronizedGroups = (
				081E062B2CD6928C002C221B /* HandshakeTests */,
			);
			name = HandshakeTests;
			packageProductDependencies = (
			);
			productName = HandshakeTests;
			productReference = 081E06282CD6928C002C221B /* HandshakeTests.xctest */;
			productType = "com.apple.product-type.bundle.unit-test";
		};
		081E06312CD6928C002C221B /* HandshakeUITests */ = {
			isa = PBXNativeTarget;
			buildConfigurationList = 081E06422CD6928C002C221B /* Build configuration list for PBXNativeTarget "HandshakeUITests" */;
			buildPhases = (
				081E062E2CD6928C002C221B /* Sources */,
				081E062F2CD6928C002C221B /* Frameworks */,
				081E06302CD6928C002C221B /* Resources */,
			);
			buildRules = (
			);
			dependencies = (
				081E06342CD6928C002C221B /* PBXTargetDependency */,
			);
			fileSystemSynchronizedGroups = (
				081E06352CD6928C002C221B /* HandshakeUITests */,
			);
			name = HandshakeUITests;
			packageProductDependencies = (
			);
			productName = HandshakeUITests;
			productReference = 081E06322CD6928C002C221B /* HandshakeUITests.xctest */;
			productType = "com.apple.product-type.bundle.ui-testing";
		};
/* End PBXNativeTarget section */

/* Begin PBXProject section */
		081E060E2CD6928A002C221B /* Project object */ = {
			isa = PBXProject;
			attributes = {
				BuildIndependentTargetsInParallel = 1;
				LastSwiftUpdateCheck = 1610;
				LastUpgradeCheck = 1610;
				TargetAttributes = {
					081E06152CD6928A002C221B = {
						CreatedOnToolsVersion = 16.1;
					};
					081E06272CD6928C002C221B = {
						CreatedOnToolsVersion = 16.1;
						TestTargetID = 081E06152CD6928A002C221B;
					};
					081E06312CD6928C002C221B = {
						CreatedOnToolsVersion = 16.1;
						TestTargetID = 081E06152CD6928A002C221B;
					};
				};
			};
			buildConfigurationList = 081E06112CD6928A002C221B /* Build configuration list for PBXProject "Handshake" */;
			developmentRegion = en;
			hasScannedForEncodings = 0;
			knownRegions = (
				en,
				Base,
			);
			mainGroup = 081E060D2CD6928A002C221B;
			minimizedProjectReferenceProxies = 1;
			packageReferences = (
				081E06B72CD6C90D002C221B /* XCRemoteSwiftPackageReference "SpenceKit" */,
				081E06BC2CD6D428002C221B /* XCRemoteSwiftPackageReference "firebase-ios-sdk" */,
			);
			preferredProjectObjectVersion = 77;
			productRefGroup = 081E06172CD6928A002C221B /* Products */;
			projectDirPath = "";
			projectRoot = "";
			targets = (
				081E06152CD6928A002C221B /* Handshake */,
				081E06272CD6928C002C221B /* HandshakeTests */,
				081E06312CD6928C002C221B /* HandshakeUITests */,
			);
		};
/* End PBXProject section */

/* Begin PBXResourcesBuildPhase section */
		081E06142CD6928A002C221B /* Resources */ = {
			isa = PBXResourcesBuildPhase;
			buildActionMask = 2147483647;
			files = (
			);
			runOnlyForDeploymentPostprocessing = 0;
		};
		081E06262CD6928C002C221B /* Resources */ = {
			isa = PBXResourcesBuildPhase;
			buildActionMask = 2147483647;
			files = (
			);
			runOnlyForDeploymentPostprocessing = 0;
		};
		081E06302CD6928C002C221B /* Resources */ = {
			isa = PBXResourcesBuildPhase;
			buildActionMask = 2147483647;
			files = (
			);
			runOnlyForDeploymentPostprocessing = 0;
		};
/* End PBXResourcesBuildPhase section */

/* Begin PBXSourcesBuildPhase section */
		081E06122CD6928A002C221B /* Sources */ = {
			isa = PBXSourcesBuildPhase;
			buildActionMask = 2147483647;
			files = (
			);
			runOnlyForDeploymentPostprocessing = 0;
		};
		081E06242CD6928C002C221B /* Sources */ = {
			isa = PBXSourcesBuildPhase;
			buildActionMask = 2147483647;
			files = (
			);
			runOnlyForDeploymentPostprocessing = 0;
		};
		081E062E2CD6928C002C221B /* Sources */ = {
			isa = PBXSourcesBuildPhase;
			buildActionMask = 2147483647;
			files = (
			);
			runOnlyForDeploymentPostprocessing = 0;
		};
/* End PBXSourcesBuildPhase section */

/* Begin PBXTargetDependency section */
		081E062A2CD6928C002C221B /* PBXTargetDependency */ = {
			isa = PBXTargetDependency;
			target = 081E06152CD6928A002C221B /* Handshake */;
			targetProxy = 081E06292CD6928C002C221B /* PBXContainerItemProxy */;
		};
		081E06342CD6928C002C221B /* PBXTargetDependency */ = {
			isa = PBXTargetDependency;
			target = 081E06152CD6928A002C221B /* Handshake */;
			targetProxy = 081E06332CD6928C002C221B /* PBXContainerItemProxy */;
		};
/* End PBXTargetDependency section */

/* Begin XCBuildConfiguration section */
		081E063A2CD6928C002C221B /* Debug */ = {
			isa = XCBuildConfiguration;
			buildSettings = {
				ALWAYS_SEARCH_USER_PATHS = NO;
				ASSETCATALOG_COMPILER_GENERATE_SWIFT_ASSET_SYMBOL_EXTENSIONS = YES;
				CLANG_ANALYZER_NONNULL = YES;
				CLANG_ANALYZER_NUMBER_OBJECT_CONVERSION = YES_AGGRESSIVE;
				CLANG_CXX_LANGUAGE_STANDARD = "gnu++20";
				CLANG_ENABLE_MODULES = YES;
				CLANG_ENABLE_OBJC_ARC = YES;
				CLANG_ENABLE_OBJC_WEAK = YES;
				CLANG_WARN_BLOCK_CAPTURE_AUTORELEASING = YES;
				CLANG_WARN_BOOL_CONVERSION = YES;
				CLANG_WARN_COMMA = YES;
				CLANG_WARN_CONSTANT_CONVERSION = YES;
				CLANG_WARN_DEPRECATED_OBJC_IMPLEMENTATIONS = YES;
				CLANG_WARN_DIRECT_OBJC_ISA_USAGE = YES_ERROR;
				CLANG_WARN_DOCUMENTATION_COMMENTS = YES;
				CLANG_WARN_EMPTY_BODY = YES;
				CLANG_WARN_ENUM_CONVERSION = YES;
				CLANG_WARN_INFINITE_RECURSION = YES;
				CLANG_WARN_INT_CONVERSION = YES;
				CLANG_WARN_NON_LITERAL_NULL_CONVERSION = YES;
				CLANG_WARN_OBJC_IMPLICIT_RETAIN_SELF = YES;
				CLANG_WARN_OBJC_LITERAL_CONVERSION = YES;
				CLANG_WARN_OBJC_ROOT_CLASS = YES_ERROR;
				CLANG_WARN_QUOTED_INCLUDE_IN_FRAMEWORK_HEADER = YES;
				CLANG_WARN_RANGE_LOOP_ANALYSIS = YES;
				CLANG_WARN_STRICT_PROTOTYPES = YES;
				CLANG_WARN_SUSPICIOUS_MOVE = YES;
				CLANG_WARN_UNGUARDED_AVAILABILITY = YES_AGGRESSIVE;
				CLANG_WARN_UNREACHABLE_CODE = YES;
				CLANG_WARN__DUPLICATE_METHOD_MATCH = YES;
				COPY_PHASE_STRIP = NO;
				DEBUG_INFORMATION_FORMAT = dwarf;
				ENABLE_STRICT_OBJC_MSGSEND = YES;
				ENABLE_TESTABILITY = YES;
				ENABLE_USER_SCRIPT_SANDBOXING = YES;
				GCC_C_LANGUAGE_STANDARD = gnu17;
				GCC_DYNAMIC_NO_PIC = NO;
				GCC_NO_COMMON_BLOCKS = YES;
				GCC_OPTIMIZATION_LEVEL = 0;
				GCC_PREPROCESSOR_DEFINITIONS = (
					"DEBUG=1",
					"$(inherited)",
				);
				GCC_WARN_64_TO_32_BIT_CONVERSION = YES;
				GCC_WARN_ABOUT_RETURN_TYPE = YES_ERROR;
				GCC_WARN_UNDECLARED_SELECTOR = YES;
				GCC_WARN_UNINITIALIZED_AUTOS = YES_AGGRESSIVE;
				GCC_WARN_UNUSED_FUNCTION = YES;
				GCC_WARN_UNUSED_VARIABLE = YES;
				IPHONEOS_DEPLOYMENT_TARGET = 18.1;
				LOCALIZATION_PREFERS_STRING_CATALOGS = YES;
				MTL_ENABLE_DEBUG_INFO = INCLUDE_SOURCE;
				MTL_FAST_MATH = YES;
				ONLY_ACTIVE_ARCH = YES;
				SDKROOT = iphoneos;
				SWIFT_ACTIVE_COMPILATION_CONDITIONS = "DEBUG $(inherited)";
				SWIFT_OPTIMIZATION_LEVEL = "-Onone";
			};
			name = Debug;
		};
		081E063B2CD6928C002C221B /* Release */ = {
			isa = XCBuildConfiguration;
			buildSettings = {
				ALWAYS_SEARCH_USER_PATHS = NO;
				ASSETCATALOG_COMPILER_GENERATE_SWIFT_ASSET_SYMBOL_EXTENSIONS = YES;
				CLANG_ANALYZER_NONNULL = YES;
				CLANG_ANALYZER_NUMBER_OBJECT_CONVERSION = YES_AGGRESSIVE;
				CLANG_CXX_LANGUAGE_STANDARD = "gnu++20";
				CLANG_ENABLE_MODULES = YES;
				CLANG_ENABLE_OBJC_ARC = YES;
				CLANG_ENABLE_OBJC_WEAK = YES;
				CLANG_WARN_BLOCK_CAPTURE_AUTORELEASING = YES;
				CLANG_WARN_BOOL_CONVERSION = YES;
				CLANG_WARN_COMMA = YES;
				CLANG_WARN_CONSTANT_CONVERSION = YES;
				CLANG_WARN_DEPRECATED_OBJC_IMPLEMENTATIONS = YES;
				CLANG_WARN_DIRECT_OBJC_ISA_USAGE = YES_ERROR;
				CLANG_WARN_DOCUMENTATION_COMMENTS = YES;
				CLANG_WARN_EMPTY_BODY = YES;
				CLANG_WARN_ENUM_CONVERSION = YES;
				CLANG_WARN_INFINITE_RECURSION = YES;
				CLANG_WARN_INT_CONVERSION = YES;
				CLANG_WARN_NON_LITERAL_NULL_CONVERSION = YES;
				CLANG_WARN_OBJC_IMPLICIT_RETAIN_SELF = YES;
				CLANG_WARN_OBJC_LITERAL_CONVERSION = YES;
				CLANG_WARN_OBJC_ROOT_CLASS = YES_ERROR;
				CLANG_WARN_QUOTED_INCLUDE_IN_FRAMEWORK_HEADER = YES;
				CLANG_WARN_RANGE_LOOP_ANALYSIS = YES;
				CLANG_WARN_STRICT_PROTOTYPES = YES;
				CLANG_WARN_SUSPICIOUS_MOVE = YES;
				CLANG_WARN_UNGUARDED_AVAILABILITY = YES_AGGRESSIVE;
				CLANG_WARN_UNREACHABLE_CODE = YES;
				CLANG_WARN__DUPLICATE_METHOD_MATCH = YES;
				COPY_PHASE_STRIP = NO;
				DEBUG_INFORMATION_FORMAT = "dwarf-with-dsym";
				ENABLE_NS_ASSERTIONS = NO;
				ENABLE_STRICT_OBJC_MSGSEND = YES;
				ENABLE_USER_SCRIPT_SANDBOXING = YES;
				GCC_C_LANGUAGE_STANDARD = gnu17;
				GCC_NO_COMMON_BLOCKS = YES;
				GCC_WARN_64_TO_32_BIT_CONVERSION = YES;
				GCC_WARN_ABOUT_RETURN_TYPE = YES_ERROR;
				GCC_WARN_UNDECLARED_SELECTOR = YES;
				GCC_WARN_UNINITIALIZED_AUTOS = YES_AGGRESSIVE;
				GCC_WARN_UNUSED_FUNCTION = YES;
				GCC_WARN_UNUSED_VARIABLE = YES;
				IPHONEOS_DEPLOYMENT_TARGET = 18.1;
				LOCALIZATION_PREFERS_STRING_CATALOGS = YES;
				MTL_ENABLE_DEBUG_INFO = NO;
				MTL_FAST_MATH = YES;
				SDKROOT = iphoneos;
				SWIFT_COMPILATION_MODE = wholemodule;
				VALIDATE_PRODUCT = YES;
			};
			name = Release;
		};
		081E063D2CD6928C002C221B /* Debug */ = {
			isa = XCBuildConfiguration;
			buildSettings = {
				ASSETCATALOG_COMPILER_APPICON_NAME = AppIcon;
				ASSETCATALOG_COMPILER_GLOBAL_ACCENT_COLOR_NAME = AccentColor;
				CODE_SIGN_STYLE = Automatic;
				CURRENT_PROJECT_VERSION = 1;
				DEVELOPMENT_ASSET_PATHS = "\"Handshake/Preview Content\"";
				DEVELOPMENT_TEAM = GUMZA2HGFC;
				ENABLE_PREVIEWS = YES;
				GENERATE_INFOPLIST_FILE = YES;
				INFOPLIST_FILE = Handshake/Info.plist;
				INFOPLIST_KEY_NSBluetoothAlwaysUsageDescription = "Our app uses bluetooth to find, connect and transfer data between different devices";
				INFOPLIST_KEY_UIApplicationSceneManifest_Generation = YES;
				INFOPLIST_KEY_UIApplicationSupportsIndirectInputEvents = YES;
				INFOPLIST_KEY_UILaunchScreen_Generation = YES;
				INFOPLIST_KEY_UISupportedInterfaceOrientations_iPad = "UIInterfaceOrientationPortrait UIInterfaceOrientationPortraitUpsideDown UIInterfaceOrientationLandscapeLeft UIInterfaceOrientationLandscapeRight";
				INFOPLIST_KEY_UISupportedInterfaceOrientations_iPhone = "UIInterfaceOrientationPortrait UIInterfaceOrientationLandscapeLeft UIInterfaceOrientationLandscapeRight";
				LD_RUNPATH_SEARCH_PATHS = (
					"$(inherited)",
					"@executable_path/Frameworks",
				);
				MARKETING_VERSION = 1.0;
				PRODUCT_BUNDLE_IDENTIFIER = ptstudios.Handshake;
				PRODUCT_NAME = "$(TARGET_NAME)";
				SWIFT_EMIT_LOC_STRINGS = YES;
				SWIFT_VERSION = 5.0;
				TARGETED_DEVICE_FAMILY = "1,2";
			};
			name = Debug;
		};
		081E063E2CD6928C002C221B /* Release */ = {
			isa = XCBuildConfiguration;
			buildSettings = {
				ASSETCATALOG_COMPILER_APPICON_NAME = AppIcon;
				ASSETCATALOG_COMPILER_GLOBAL_ACCENT_COLOR_NAME = AccentColor;
				CODE_SIGN_STYLE = Automatic;
				CURRENT_PROJECT_VERSION = 1;
				DEVELOPMENT_ASSET_PATHS = "\"Handshake/Preview Content\"";
				DEVELOPMENT_TEAM = GUMZA2HGFC;
				ENABLE_PREVIEWS = YES;
				GENERATE_INFOPLIST_FILE = YES;
				INFOPLIST_FILE = Handshake/Info.plist;
				INFOPLIST_KEY_NSBluetoothAlwaysUsageDescription = "Our app uses bluetooth to find, connect and transfer data between different devices";
				INFOPLIST_KEY_UIApplicationSceneManifest_Generation = YES;
				INFOPLIST_KEY_UIApplicationSupportsIndirectInputEvents = YES;
				INFOPLIST_KEY_UILaunchScreen_Generation = YES;
				INFOPLIST_KEY_UISupportedInterfaceOrientations_iPad = "UIInterfaceOrientationPortrait UIInterfaceOrientationPortraitUpsideDown UIInterfaceOrientationLandscapeLeft UIInterfaceOrientationLandscapeRight";
				INFOPLIST_KEY_UISupportedInterfaceOrientations_iPhone = "UIInterfaceOrientationPortrait UIInterfaceOrientationLandscapeLeft UIInterfaceOrientationLandscapeRight";
				LD_RUNPATH_SEARCH_PATHS = (
					"$(inherited)",
					"@executable_path/Frameworks",
				);
				MARKETING_VERSION = 1.0;
				PRODUCT_BUNDLE_IDENTIFIER = ptstudios.Handshake;
				PRODUCT_NAME = "$(TARGET_NAME)";
				SWIFT_EMIT_LOC_STRINGS = YES;
				SWIFT_VERSION = 5.0;
				TARGETED_DEVICE_FAMILY = "1,2";
			};
			name = Release;
		};
		081E06402CD6928C002C221B /* Debug */ = {
			isa = XCBuildConfiguration;
			buildSettings = {
				BUNDLE_LOADER = "$(TEST_HOST)";
				CODE_SIGN_STYLE = Automatic;
				CURRENT_PROJECT_VERSION = 1;
				DEVELOPMENT_TEAM = GUMZA2HGFC;
				GENERATE_INFOPLIST_FILE = YES;
				IPHONEOS_DEPLOYMENT_TARGET = 18.1;
				MARKETING_VERSION = 1.0;
				PRODUCT_BUNDLE_IDENTIFIER = ptstudios.HandshakeTests;
				PRODUCT_NAME = "$(TARGET_NAME)";
				SWIFT_EMIT_LOC_STRINGS = NO;
				SWIFT_VERSION = 5.0;
				TARGETED_DEVICE_FAMILY = "1,2";
				TEST_HOST = "$(BUILT_PRODUCTS_DIR)/Handshake.app/$(BUNDLE_EXECUTABLE_FOLDER_PATH)/Handshake";
			};
			name = Debug;
		};
		081E06412CD6928C002C221B /* Release */ = {
			isa = XCBuildConfiguration;
			buildSettings = {
				BUNDLE_LOADER = "$(TEST_HOST)";
				CODE_SIGN_STYLE = Automatic;
				CURRENT_PROJECT_VERSION = 1;
				DEVELOPMENT_TEAM = GUMZA2HGFC;
				GENERATE_INFOPLIST_FILE = YES;
				IPHONEOS_DEPLOYMENT_TARGET = 18.1;
				MARKETING_VERSION = 1.0;
				PRODUCT_BUNDLE_IDENTIFIER = ptstudios.HandshakeTests;
				PRODUCT_NAME = "$(TARGET_NAME)";
				SWIFT_EMIT_LOC_STRINGS = NO;
				SWIFT_VERSION = 5.0;
				TARGETED_DEVICE_FAMILY = "1,2";
				TEST_HOST = "$(BUILT_PRODUCTS_DIR)/Handshake.app/$(BUNDLE_EXECUTABLE_FOLDER_PATH)/Handshake";
			};
			name = Release;
		};
		081E06432CD6928C002C221B /* Debug */ = {
			isa = XCBuildConfiguration;
			buildSettings = {
				CODE_SIGN_STYLE = Automatic;
				CURRENT_PROJECT_VERSION = 1;
				DEVELOPMENT_TEAM = GUMZA2HGFC;
				GENERATE_INFOPLIST_FILE = YES;
				MARKETING_VERSION = 1.0;
				PRODUCT_BUNDLE_IDENTIFIER = ptstudios.HandshakeUITests;
				PRODUCT_NAME = "$(TARGET_NAME)";
				SWIFT_EMIT_LOC_STRINGS = NO;
				SWIFT_VERSION = 5.0;
				TARGETED_DEVICE_FAMILY = "1,2";
				TEST_TARGET_NAME = Handshake;
			};
			name = Debug;
		};
		081E06442CD6928C002C221B /* Release */ = {
			isa = XCBuildConfiguration;
			buildSettings = {
				CODE_SIGN_STYLE = Automatic;
				CURRENT_PROJECT_VERSION = 1;
				DEVELOPMENT_TEAM = GUMZA2HGFC;
				GENERATE_INFOPLIST_FILE = YES;
				MARKETING_VERSION = 1.0;
				PRODUCT_BUNDLE_IDENTIFIER = ptstudios.HandshakeUITests;
				PRODUCT_NAME = "$(TARGET_NAME)";
				SWIFT_EMIT_LOC_STRINGS = NO;
				SWIFT_VERSION = 5.0;
				TARGETED_DEVICE_FAMILY = "1,2";
				TEST_TARGET_NAME = Handshake;
			};
			name = Release;
		};
/* End XCBuildConfiguration section */

/* Begin XCConfigurationList section */
		081E06112CD6928A002C221B /* Build configuration list for PBXProject "Handshake" */ = {
			isa = XCConfigurationList;
			buildConfigurations = (
				081E063A2CD6928C002C221B /* Debug */,
				081E063B2CD6928C002C221B /* Release */,
			);
			defaultConfigurationIsVisible = 0;
			defaultConfigurationName = Release;
		};
		081E063C2CD6928C002C221B /* Build configuration list for PBXNativeTarget "Handshake" */ = {
			isa = XCConfigurationList;
			buildConfigurations = (
				081E063D2CD6928C002C221B /* Debug */,
				081E063E2CD6928C002C221B /* Release */,
			);
			defaultConfigurationIsVisible = 0;
			defaultConfigurationName = Release;
		};
		081E063F2CD6928C002C221B /* Build configuration list for PBXNativeTarget "HandshakeTests" */ = {
			isa = XCConfigurationList;
			buildConfigurations = (
				081E06402CD6928C002C221B /* Debug */,
				081E06412CD6928C002C221B /* Release */,
			);
			defaultConfigurationIsVisible = 0;
			defaultConfigurationName = Release;
		};
		081E06422CD6928C002C221B /* Build configuration list for PBXNativeTarget "HandshakeUITests" */ = {
			isa = XCConfigurationList;
			buildConfigurations = (
				081E06432CD6928C002C221B /* Debug */,
				081E06442CD6928C002C221B /* Release */,
			);
			defaultConfigurationIsVisible = 0;
			defaultConfigurationName = Release;
		};
/* End XCConfigurationList section */

/* Begin XCRemoteSwiftPackageReference section */
		081E06B72CD6C90D002C221B /* XCRemoteSwiftPackageReference "SpenceKit" */ = {
			isa = XCRemoteSwiftPackageReference;
			repositoryURL = "https://github.com/steadman1/SpenceKit.swift";
			requirement = {
				branch = main;
				kind = branch;
			};
		};
		081E06BC2CD6D428002C221B /* XCRemoteSwiftPackageReference "firebase-ios-sdk" */ = {
			isa = XCRemoteSwiftPackageReference;
			repositoryURL = "https://github.com/firebase/firebase-ios-sdk.git";
			requirement = {
				kind = upToNextMajorVersion;
				minimumVersion = 11.4.0;
			};
		};
/* End XCRemoteSwiftPackageReference section */

/* Begin XCSwiftPackageProductDependency section */
		081E06B82CD6C90D002C221B /* SpenceKit */ = {
			isa = XCSwiftPackageProductDependency;
			package = 081E06B72CD6C90D002C221B /* XCRemoteSwiftPackageReference "SpenceKit" */;
			productName = SpenceKit;
		};
		081E06BD2CD6D428002C221B /* FirebaseAnalytics */ = {
			isa = XCSwiftPackageProductDependency;
			package = 081E06BC2CD6D428002C221B /* XCRemoteSwiftPackageReference "firebase-ios-sdk" */;
			productName = FirebaseAnalytics;
		};
		081E06BF2CD6D428002C221B /* FirebaseAnalyticsOnDeviceConversion */ = {
			isa = XCSwiftPackageProductDependency;
			package = 081E06BC2CD6D428002C221B /* XCRemoteSwiftPackageReference "firebase-ios-sdk" */;
			productName = FirebaseAnalyticsOnDeviceConversion;
		};
		081E06C12CD6D428002C221B /* FirebaseAnalyticsWithoutAdIdSupport */ = {
			isa = XCSwiftPackageProductDependency;
			package = 081E06BC2CD6D428002C221B /* XCRemoteSwiftPackageReference "firebase-ios-sdk" */;
			productName = FirebaseAnalyticsWithoutAdIdSupport;
		};
		081E06C32CD6D428002C221B /* FirebaseAppCheck */ = {
			isa = XCSwiftPackageProductDependency;
			package = 081E06BC2CD6D428002C221B /* XCRemoteSwiftPackageReference "firebase-ios-sdk" */;
			productName = FirebaseAppCheck;
		};
		081E06C52CD6D428002C221B /* FirebaseAppDistribution-Beta */ = {
			isa = XCSwiftPackageProductDependency;
			package = 081E06BC2CD6D428002C221B /* XCRemoteSwiftPackageReference "firebase-ios-sdk" */;
			productName = "FirebaseAppDistribution-Beta";
		};
		081E06C82CD6D6C3002C221B /* FirebaseAuth */ = {
			isa = XCSwiftPackageProductDependency;
			package = 081E06BC2CD6D428002C221B /* XCRemoteSwiftPackageReference "firebase-ios-sdk" */;
			productName = FirebaseAuth;
		};
		081E06CA2CD6D6C3002C221B /* FirebaseAuthCombine-Community */ = {
			isa = XCSwiftPackageProductDependency;
			package = 081E06BC2CD6D428002C221B /* XCRemoteSwiftPackageReference "firebase-ios-sdk" */;
			productName = "FirebaseAuthCombine-Community";
		};
		081E06CC2CD6D6C3002C221B /* FirebaseCore */ = {
			isa = XCSwiftPackageProductDependency;
			package = 081E06BC2CD6D428002C221B /* XCRemoteSwiftPackageReference "firebase-ios-sdk" */;
			productName = FirebaseCore;
		};
		081E06CE2CD6D6C3002C221B /* FirebaseFirestore */ = {
			isa = XCSwiftPackageProductDependency;
			package = 081E06BC2CD6D428002C221B /* XCRemoteSwiftPackageReference "firebase-ios-sdk" */;
			productName = FirebaseFirestore;
		};
		081E06D02CD6D6C3002C221B /* FirebaseMessaging */ = {
			isa = XCSwiftPackageProductDependency;
			package = 081E06BC2CD6D428002C221B /* XCRemoteSwiftPackageReference "firebase-ios-sdk" */;
			productName = FirebaseMessaging;
		};
/* End XCSwiftPackageProductDependency section */
	};
	rootObject = 081E060E2CD6928A002C221B /* Project object */;
}
